
Microsoft Visual Studio Solution File, Format Version 12.00
# Visual Studio Version 16
VisualStudioVersion = 16.0.31729.503
MinimumVisualStudioVersion = 10.0.40219.1
Project("{9A19103F-16F7-4668-BE54-9A1E7A4F7556}") = "Module01_RoutingApi", "Module01_RoutingApi\Module01_RoutingApi.csproj", "{1E08D52F-1BA5-4950-A0DA-825AA3522DEC}"
EndProject
Project("{9A19103F-16F7-4668-BE54-9A1E7A4F7556}") = "Module02_TemplateInherit", "Module02_TemplateInherit\Module02_TemplateInherit.csproj", "{FE37AFA2-1FFD-4DE3-9270-A3C83D98ECBF}"
EndProject
Project("{9A19103F-16F7-4668-BE54-9A1E7A4F7556}") = "Module03_CRUD", "Module03_CRUD\Module03_CRUD.csproj", "{B0C1F6B9-AD85-40BF-A2A1-F08F94182923}"
EndProject
Project("{FAE04EC0-301F-11D3-BF4B-00C04F79EFBC}") = "Practice_CountCharInString", "ConsoleApp1\Practice_CountCharInString.csproj", "{66224639-1688-44D4-91AC-D764578F1BF5}"
EndProject
Project("{FAE04EC0-301F-11D3-BF4B-00C04F79EFBC}") = "Practice _doublearray", "Practice _doublearray\Practice _doublearray.csproj", "{C343723A-5462-4A37-91C3-57F265B5107F}"
EndProject
Project("{FAE04EC0-301F-11D3-BF4B-00C04F79EFBC}") = "Practice3", "Practice3\Practice3.csproj", "{59F22E7E-DAF9-41A4-BCAC-D04985408E08}"
EndProject
Project("{FAE04EC0-301F-11D3-BF4B-00C04F79EFBC}") = "Practice4_StringLength", "Practice4_StringLength\Practice4_StringLength.csproj", "{D524E261-0918-4DCE-8766-B5F1E239833C}"
EndProject
Global
	GlobalSection(SolutionConfigurationPlatforms) = preSolution
		Debug|Any CPU = Debug|Any CPU
		Release|Any CPU = Release|Any CPU
	EndGlobalSection
	GlobalSection(ProjectConfigurationPlatforms) = postSolution
		{1E08D52F-1BA5-4950-A0DA-825AA3522DEC}.Debug|Any CPU.ActiveCfg = Debug|Any CPU
		{1E08D52F-1BA5-4950-A0DA-825AA3522DEC}.Debug|Any CPU.Build.0 = Debug|Any CPU
		{1E08D52F-1BA5-4950-A0DA-825AA3522DEC}.Release|Any CPU.ActiveCfg = Release|Any CPU
		{1E08D52F-1BA5-4950-A0DA-825AA3522DEC}.Release|Any CPU.Build.0 = Release|Any CPU
		{FE37AFA2-1FFD-4DE3-9270-A3C83D98ECBF}.Debug|Any CPU.ActiveCfg = Debug|Any CPU
		{FE37AFA2-1FFD-4DE3-9270-A3C83D98ECBF}.Debug|Any CPU.Build.0 = Debug|Any CPU
		{FE37AFA2-1FFD-4DE3-9270-A3C83D98ECBF}.Release|Any CPU.ActiveCfg = Release|Any CPU
		{FE37AFA2-1FFD-4DE3-9270-A3C83D98ECBF}.Release|Any CPU.Build.0 = Release|Any CPU
		{B0C1F6B9-AD85-40BF-A2A1-F08F94182923}.Debug|Any CPU.ActiveCfg = Debug|Any CPU
		{B0C1F6B9-AD85-40BF-A2A1-F08F94182923}.Debug|Any CPU.Build.0 = Debug|Any CPU
		{B0C1F6B9-AD85-40BF-A2A1-F08F94182923}.Release|Any CPU.ActiveCfg = Release|Any CPU
		{B0C1F6B9-AD85-40BF-A2A1-F08F94182923}.Release|Any CPU.Build.0 = Release|Any CPU
		{66224639-1688-44D4-91AC-D764578F1BF5}.Debug|Any CPU.ActiveCfg = Debug|Any CPU
		{66224639-1688-44D4-91AC-D764578F1BF5}.Debug|Any CPU.Build.0 = Debug|Any CPU
		{66224639-1688-44D4-91AC-D764578F1BF5}.Release|Any CPU.ActiveCfg = Release|Any CPU
		{66224639-1688-44D4-91AC-D764578F1BF5}.Release|Any CPU.Build.0 = Release|Any CPU
		{C343723A-5462-4A37-91C3-57F265B5107F}.Debug|Any CPU.ActiveCfg = Debug|Any CPU
		{C343723A-5462-4A37-91C3-57F265B5107F}.Debug|Any CPU.Build.0 = Debug|Any CPU
		{C343723A-5462-4A37-91C3-57F265B5107F}.Release|Any CPU.ActiveCfg = Release|Any CPU
		{C343723A-5462-4A37-91C3-57F265B5107F}.Release|Any CPU.Build.0 = Release|Any CPU
		{59F22E7E-DAF9-41A4-BCAC-D04985408E08}.Debug|Any CPU.ActiveCfg = Debug|Any CPU
		{59F22E7E-DAF9-41A4-BCAC-D04985408E08}.Debug|Any CPU.Build.0 = Debug|Any CPU
		{59F22E7E-DAF9-41A4-BCAC-D04985408E08}.Release|Any CPU.ActiveCfg = Release|Any CPU
		{59F22E7E-DAF9-41A4-BCAC-D04985408E08}.Release|Any CPU.Build.0 = Release|Any CPU
		{D524E261-0918-4DCE-8766-B5F1E239833C}.Debug|Any CPU.ActiveCfg = Debug|Any CPU
		{D524E261-0918-4DCE-8766-B5F1E239833C}.Debug|Any CPU.Build.0 = Debug|Any CPU
		{D524E261-0918-4DCE-8766-B5F1E239833C}.Release|Any CPU.ActiveCfg = Release|Any CPU
		{D524E261-0918-4DCE-8766-B5F1E239833C}.Release|Any CPU.Build.0 = Release|Any CPU
	EndGlobalSection
	GlobalSection(SolutionProperties) = preSolution
		HideSolutionNode = FALSE
	EndGlobalSection
	GlobalSection(ExtensibilityGlobals) = postSolution
		SolutionGuid = {A4A4FC6D-B73F-485A-A0E6-B8A47305A5F7}
	EndGlobalSection
EndGlobal
